
Microsoft Visual Studio Solution File, Format Version 12.00
# Visual Studio Version 17
VisualStudioVersion = 17.14.36414.22 d17.14
MinimumVisualStudioVersion = 10.0.40219.1
Project("{FAE04EC0-301F-11D3-BF4B-00C04F79EFBC}") = "ArbolNumero", "ArbolNumero\ArbolNumero.csproj", "{7B640817-1BEA-4BC1-90A0-31F5ACED1E8A}"
EndProject
Global
	GlobalSection(SolutionConfigurationPlatforms) = preSolution
		Debug|Any CPU = Debug|Any CPU
		Release|Any CPU = Release|Any CPU
	EndGlobalSection
	GlobalSection(ProjectConfigurationPlatforms) = postSolution
		{7B640817-1BEA-4BC1-90A0-31F5ACED1E8A}.Debug|Any CPU.ActiveCfg = Debug|Any CPU
		{7B640817-1BEA-4BC1-90A0-31F5ACED1E8A}.Debug|Any CPU.Build.0 = Debug|Any CPU
		{7B640817-1BEA-4BC1-90A0-31F5ACED1E8A}.Release|Any CPU.ActiveCfg = Release|Any CPU
		{7B640817-1BEA-4BC1-90A0-31F5ACED1E8A}.Release|Any CPU.Build.0 = Release|Any CPU
	EndGlobalSection
	GlobalSection(SolutionProperties) = preSolution
		HideSolutionNode = FALSE
	EndGlobalSection
	GlobalSection(ExtensibilityGlobals) = postSolution
		SolutionGuid = {0291D801-789B-49D0-B406-2156D6BF2247}
	EndGlobalSection
EndGlobal
